
Microsoft Visual Studio Solution File, Format Version 12.00
# Visual Studio Version 16
VisualStudioVersion = 16.0.30011.22
MinimumVisualStudioVersion = 10.0.40219.1
Project("{FAE04EC0-301F-11D3-BF4B-00C04F79EFBC}") = "WebApplication2", "WebApplication2\WebApplication2.csproj", "{F5E4D929-A1EB-4298-B56E-774ED22E8038}"
EndProject
Global
	GlobalSection(SolutionConfigurationPlatforms) = preSolution
		Debug|Any CPU = Debug|Any CPU
		Release|Any CPU = Release|Any CPU
	EndGlobalSection
	GlobalSection(ProjectConfigurationPlatforms) = postSolution
		{F5E4D929-A1EB-4298-B56E-774ED22E8038}.Debug|Any CPU.ActiveCfg = Debug|Any CPU
		{F5E4D929-A1EB-4298-B56E-774ED22E8038}.Debug|Any CPU.Build.0 = Debug|Any CPU
		{F5E4D929-A1EB-4298-B56E-774ED22E8038}.Release|Any CPU.ActiveCfg = Release|Any CPU
		{F5E4D929-A1EB-4298-B56E-774ED22E8038}.Release|Any CPU.Build.0 = Release|Any CPU
	EndGlobalSection
	GlobalSection(SolutionProperties) = preSolution
		HideSolutionNode = FALSE
	EndGlobalSection
	GlobalSection(ExtensibilityGlobals) = postSolution
		SolutionGuid = {ED1E66FD-F77F-4431-AF93-3D32D38C1CE7}
	EndGlobalSection
EndGlobal
